<?xml version="1.0" encoding="utf-8"?>
<Project ToolsVersion="4.0" xmlns="http://schemas.microsoft.com/developer/msbuild/2003">
  <ItemGroup>
    <Filter Include="ソース ファイル">
      <UniqueIdentifier>{4FC737F1-C7A5-4376-A066-2A32D752A2FF}</UniqueIdentifier>
      <Extensions>cpp;c;cc;cxx;def;odl;idl;hpj;bat;asm;asmx</Extensions>
    </Filter>
    <Filter Include="ソース ファイル\Lib">
      <UniqueIdentifier>{68720263-6a69-46f5-8f39-75727fba50cf}</UniqueIdentifier>
    </Filter>
    <Filter Include="ソース ファイル\Lib\Graphics">
      <UniqueIdentifier>{4e7b8772-0c77-4442-a49a-34d1f23da5ca}</UniqueIdentifier>
    </Filter>
    <Filter Include="ソース ファイル\Utility">
      <UniqueIdentifier>{ba7879cc-d4c6-46ab-b1a1-62b2817daed9}</UniqueIdentifier>
    </Filter>
    <Filter Include="ソース ファイル\Lib\File">
      <UniqueIdentifier>{815c085b-318f-460e-989c-ebb415626980}</UniqueIdentifier>
    </Filter>
    <Filter Include="ソース ファイル\Lib\File\Texture">
      <UniqueIdentifier>{6a6a404a-06b7-48fb-b68d-20a66d8ae7b6}</UniqueIdentifier>
    </Filter>
    <Filter Include="ソース ファイル\Object">
      <UniqueIdentifier>{d85af87d-6d2e-44ab-94ae-fae06ba003f9}</UniqueIdentifier>
    </Filter>
    <Filter Include="ソース ファイル\Object\CreateParameter">
      <UniqueIdentifier>{f41d7727-8dad-478d-a742-ef97afe2c6e8}</UniqueIdentifier>
    </Filter>
    <Filter Include="ソース ファイル\Lib\Input">
      <UniqueIdentifier>{b1aa9840-1704-4e72-91f0-6b9c12a41c25}</UniqueIdentifier>
    </Filter>
    <Filter Include="ソース ファイル\Collision">
      <UniqueIdentifier>{9083e496-eecb-4e03-aaaf-b30f8f6292b0}</UniqueIdentifier>
    </Filter>
    <Filter Include="ソース ファイル\Socket">
      <UniqueIdentifier>{eab72a62-92f7-4c6f-be6f-f5bf04205f46}</UniqueIdentifier>
    </Filter>
    <Filter Include="ソース ファイル\Editor">
      <UniqueIdentifier>{a002184b-584a-4b62-bb52-8c459ffaa5b9}</UniqueIdentifier>
    </Filter>
  </ItemGroup>
  <ItemGroup>
    <ClCompile Include="Src\Lib\Window.cpp">
      <Filter>ソース ファイル\Lib</Filter>
    </ClCompile>
    <ClCompile Include="Src\Lib\Graphics\Graphics.cpp">
      <Filter>ソース ファイル\Lib\Graphics</Filter>
    </ClCompile>
    <ClCompile Include="Src\Lib\Lib.cpp">
      <Filter>ソース ファイル\Lib</Filter>
    </ClCompile>
    <ClCompile Include="Src\Lib\Graphics\DirectX9Graphics.cpp">
      <Filter>ソース ファイル\Lib\Graphics</Filter>
    </ClCompile>
    <ClCompile Include="Src\Lib\File\Texture\DirectX9Texture.cpp">
      <Filter>ソース ファイル\Lib\File\Texture</Filter>
    </ClCompile>
    <ClCompile Include="Src\Lib\File\Texture\TextureManager.cpp">
      <Filter>ソース ファイル\Lib\File\Texture</Filter>
    </ClCompile>
    <ClCompile Include="Src\Object\Object.cpp">
      <Filter>ソース ファイル\Object</Filter>
    </ClCompile>
    <ClCompile Include="Src\Lib\Graphics\Sprite.cpp">
      <Filter>ソース ファイル\Lib\Graphics</Filter>
    </ClCompile>
    <ClCompile Include="Src\Lib\Graphics\SpriteManager.cpp">
      <Filter>ソース ファイル\Lib\Graphics</Filter>
    </ClCompile>
    <ClCompile Include="Src\Object\SpriteObject.cpp">
      <Filter>ソース ファイル\Object</Filter>
    </ClCompile>
    <ClCompile Include="Src\Lib\Graphics\GraphicsDeviceBase.cpp">
      <Filter>ソース ファイル\Lib\Graphics</Filter>
    </ClCompile>
    <ClCompile Include="Src\Object\ObjectManager.cpp">
      <Filter>ソース ファイル\Object</Filter>
    </ClCompile>
    <ClCompile Include="Src\Object\ObjectFactory.cpp">
      <Filter>ソース ファイル\Object</Filter>
    </ClCompile>
    <ClCompile Include="Src\Lib\Input\Input.cpp">
      <Filter>ソース ファイル\Lib\Input</Filter>
    </ClCompile>
    <ClCompile Include="Src\Lib\Input\DirectInput.cpp">
      <Filter>ソース ファイル\Lib\Input</Filter>
    </ClCompile>
    <ClCompile Include="Src\Object\PlacementObject.cpp">
      <Filter>ソース ファイル\Object</Filter>
    </ClCompile>
    <ClCompile Include="Src\Collision\CollsionManager.cpp">
      <Filter>ソース ファイル\Collision</Filter>
    </ClCompile>
    <ClCompile Include="Src\Main.cpp">
      <Filter>ソース ファイル</Filter>
    </ClCompile>
    <ClCompile Include="Src\Editor\Editor.cpp">
      <Filter>ソース ファイル\Editor</Filter>
    </ClCompile>
    <ClCompile Include="Src\Object\MouseObject.cpp">
      <Filter>ソース ファイル\Object</Filter>
    </ClCompile>
    <ClCompile Include="Src\Socket\ClientSocket.cpp">
      <Filter>ソース ファイル\Socket</Filter>
    </ClCompile>
  </ItemGroup>
  <ItemGroup>
    <ClInclude Include="Src\Lib\Window.h">
      <Filter>ソース ファイル\Lib</Filter>
    </ClInclude>
    <ClInclude Include="Src\Lib\Graphics\GraphicsDeviceBase.h">
      <Filter>ソース ファイル\Lib\Graphics</Filter>
    </ClInclude>
    <ClInclude Include="Src\Lib\Graphics\Graphics.h">
      <Filter>ソース ファイル\Lib\Graphics</Filter>
    </ClInclude>
    <ClInclude Include="Src\Lib\Graphics\GraphicsRelatedDefinitions.h">
      <Filter>ソース ファイル\Lib\Graphics</Filter>
    </ClInclude>
    <ClInclude Include="Src\Lib\Lib.h">
      <Filter>ソース ファイル\Lib</Filter>
    </ClInclude>
    <ClInclude Include="Src\Utility\Size.h">
      <Filter>ソース ファイル\Utility</Filter>
    </ClInclude>
    <ClInclude Include="Src\Lib\File\Texture\TextureBase.h">
      <Filter>ソース ファイル\Lib\File\Texture</Filter>
    </ClInclude>
    <ClInclude Include="Src\Lib\File\Texture\DirectX9Texture.h">
      <Filter>ソース ファイル\Lib\File\Texture</Filter>
    </ClInclude>
    <ClInclude Include="Src\Lib\Graphics\GraphicsDeviceFactoryBase.h">
      <Filter>ソース ファイル\Lib\Graphics</Filter>
    </ClInclude>
    <ClInclude Include="Src\Lib\Graphics\DirectX9DeviceFactory.h">
      <Filter>ソース ファイル\Lib\Graphics</Filter>
    </ClInclude>
    <ClInclude Include="Src\Lib\Graphics\DirectX9Graphics.h">
      <Filter>ソース ファイル\Lib\Graphics</Filter>
    </ClInclude>
    <ClInclude Include="Src\Lib\File\Texture\TextureManager.h">
      <Filter>ソース ファイル\Lib\File\Texture</Filter>
    </ClInclude>
    <ClInclude Include="Src\Lib\Graphics\Sprite.h">
      <Filter>ソース ファイル\Lib\Graphics</Filter>
    </ClInclude>
    <ClInclude Include="Src\Object\SpriteObject.h">
      <Filter>ソース ファイル\Object</Filter>
    </ClInclude>
    <ClInclude Include="Src\Object\Object.h">
      <Filter>ソース ファイル\Object</Filter>
    </ClInclude>
    <ClInclude Include="Src\Lib\Graphics\SpriteManager.h">
      <Filter>ソース ファイル\Lib\Graphics</Filter>
    </ClInclude>
    <ClInclude Include="Src\Object\ObjectManager.h">
      <Filter>ソース ファイル\Object</Filter>
    </ClInclude>
    <ClInclude Include="Src\Object\ObjectRelatedDefinitions.h">
      <Filter>ソース ファイル\Object</Filter>
    </ClInclude>
    <ClInclude Include="Src\Object\CreateParameter\CreateParameterBase.h">
      <Filter>ソース ファイル\Object\CreateParameter</Filter>
    </ClInclude>
    <ClInclude Include="Src\Object\CreateParameter\SpriteObjectCreateParameter.h">
      <Filter>ソース ファイル\Object\CreateParameter</Filter>
    </ClInclude>
    <ClInclude Include="Src\Object\ObjectFactory.h">
      <Filter>ソース ファイル\Object</Filter>
    </ClInclude>
    <ClInclude Include="Src\Utility\Vec.h">
      <Filter>ソース ファイル\Utility</Filter>
    </ClInclude>
    <ClInclude Include="Src\Lib\Input\Input.h">
      <Filter>ソース ファイル\Lib\Input</Filter>
    </ClInclude>
    <ClInclude Include="Src\Lib\Input\InputRelatedDefinition.h">
      <Filter>ソース ファイル\Lib\Input</Filter>
    </ClInclude>
    <ClInclude Include="Src\Lib\Input\DirectInput.h">
      <Filter>ソース ファイル\Lib\Input</Filter>
    </ClInclude>
    <ClInclude Include="Src\Collision\ColliderData.h">
      <Filter>ソース ファイル\Collision</Filter>
    </ClInclude>
    <ClInclude Include="Src\Collision\CollisionManager.h">
      <Filter>ソース ファイル\Collision</Filter>
    </ClInclude>
    <ClInclude Include="Src\Object\PlacementObject.h">
      <Filter>ソース ファイル\Object</Filter>
    </ClInclude>
    <ClInclude Include="Src\Object\CollisionObject.h">
      <Filter>ソース ファイル\Object</Filter>
    </ClInclude>
    <ClInclude Include="Src\Collision\CollisionRelatedDefinitions.h">
      <Filter>ソース ファイル\Collision</Filter>
    </ClInclude>
    <ClInclude Include="Src\Object\CreateParameter\PlacementObjectCreateParameter.h">
      <Filter>ソース ファイル\Object\CreateParameter</Filter>
    </ClInclude>
    <ClInclude Include="Src\Object\MouseObject.h">
      <Filter>ソース ファイル\Object</Filter>
    </ClInclude>
    <ClInclude Include="Src\Object\CreateParameter\CollisionObjectCreateParameter.h">
      <Filter>ソース ファイル\Object\CreateParameter</Filter>
    </ClInclude>
    <ClInclude Include="Src\Editor\Editor.h">
      <Filter>ソース ファイル\Editor</Filter>
    </ClInclude>
    <ClInclude Include="Src\Socket\SocketRelatedDefinitions.h">
      <Filter>ソース ファイル\Socket</Filter>
    </ClInclude>
    <ClInclude Include="Src\Socket\ClientSocket.h">
      <Filter>ソース ファイル\Socket</Filter>
    </ClInclude>
  </ItemGroup>
</Project>